// !$*UTF8*$!
{
	archiveVersion = 1;
	classes = {
	};
	objectVersion = 55;
	objects = {

/* Begin PBXBuildFile section */
		5257C1C527D25E3500701C47 /* SwiftUIArchitectureMVCApp.swift in Sources */ = {isa = PBXBuildFile; fileRef = 5257C1C427D25E3500701C47 /* SwiftUIArchitectureMVCApp.swift */; };
		5257C1C727D25E3500701C47 /* SearchMainView.swift in Sources */ = {isa = PBXBuildFile; fileRef = 5257C1C627D25E3500701C47 /* SearchMainView.swift */; };
		5257C1C927D25E3500701C47 /* Assets.xcassets in Resources */ = {isa = PBXBuildFile; fileRef = 5257C1C827D25E3500701C47 /* Assets.xcassets */; };
		5257C1CC27D25E3500701C47 /* Preview Assets.xcassets in Resources */ = {isa = PBXBuildFile; fileRef = 5257C1CB27D25E3500701C47 /* Preview Assets.xcassets */; };
		5257C1D627D25E3500701C47 /* SwiftUIArchitectureMVCTests.swift in Sources */ = {isa = PBXBuildFile; fileRef = 5257C1D527D25E3500701C47 /* SwiftUIArchitectureMVCTests.swift */; };
		5257C1E027D25E3500701C47 /* SwiftUIArchitectureMVCUITests.swift in Sources */ = {isa = PBXBuildFile; fileRef = 5257C1DF27D25E3500701C47 /* SwiftUIArchitectureMVCUITests.swift */; };
		5257C1E227D25E3500701C47 /* SwiftUIArchitectureMVCUITestsLaunchTests.swift in Sources */ = {isa = PBXBuildFile; fileRef = 5257C1E127D25E3500701C47 /* SwiftUIArchitectureMVCUITestsLaunchTests.swift */; };
		5257C1F027D2603800701C47 /* SearchModel.swift in Sources */ = {isa = PBXBuildFile; fileRef = 5257C1EF27D2603800701C47 /* SearchModel.swift */; };
		5257C1F427D34FD500701C47 /* RepositoryView.swift in Sources */ = {isa = PBXBuildFile; fileRef = 5257C1F327D34FD500701C47 /* RepositoryView.swift */; };
		5257C1F627D3517700701C47 /* Users.swift in Sources */ = {isa = PBXBuildFile; fileRef = 5257C1F527D3517600701C47 /* Users.swift */; };
		5257C1FD27D3638E00701C47 /* ScopeFunc.swift in Sources */ = {isa = PBXBuildFile; fileRef = 5257C1FC27D3638E00701C47 /* ScopeFunc.swift */; };
		5257C1FF27D4987A00701C47 /* UserController.swift in Sources */ = {isa = PBXBuildFile; fileRef = 5257C1FE27D4987A00701C47 /* UserController.swift */; };
		5257C20327D49B6500701C47 /* ModelError.swift in Sources */ = {isa = PBXBuildFile; fileRef = 5257C20227D49B6500701C47 /* ModelError.swift */; };
		5257C20527D4A04B00701C47 /* UserCard.swift in Sources */ = {isa = PBXBuildFile; fileRef = 5257C20427D4A04B00701C47 /* UserCard.swift */; };
		5257C20727D4A80E00701C47 /* RepositoryCard.swift in Sources */ = {isa = PBXBuildFile; fileRef = 5257C20627D4A80E00701C47 /* RepositoryCard.swift */; };
		5257C20927D4A83C00701C47 /* Repository.swift in Sources */ = {isa = PBXBuildFile; fileRef = 5257C20827D4A83C00701C47 /* Repository.swift */; };
		5257C20B27D4A8A500701C47 /* RepositoryController.swift in Sources */ = {isa = PBXBuildFile; fileRef = 5257C20A27D4A8A500701C47 /* RepositoryController.swift */; };
/* End PBXBuildFile section */

/* Begin PBXContainerItemProxy section */
		5257C1D227D25E3500701C47 /* PBXContainerItemProxy */ = {
			isa = PBXContainerItemProxy;
			containerPortal = 5257C1B927D25E3500701C47 /* Project object */;
			proxyType = 1;
			remoteGlobalIDString = 5257C1C027D25E3500701C47;
			remoteInfo = SwiftUIArchitectureMVC;
		};
		5257C1DC27D25E3500701C47 /* PBXContainerItemProxy */ = {
			isa = PBXContainerItemProxy;
			containerPortal = 5257C1B927D25E3500701C47 /* Project object */;
			proxyType = 1;
			remoteGlobalIDString = 5257C1C027D25E3500701C47;
			remoteInfo = SwiftUIArchitectureMVC;
		};
/* End PBXContainerItemProxy section */

/* Begin PBXFileReference section */
		5257C1C127D25E3500701C47 /* SwiftUIArchitectureMVC.app */ = {isa = PBXFileReference; explicitFileType = wrapper.application; includeInIndex = 0; path = SwiftUIArchitectureMVC.app; sourceTree = BUILT_PRODUCTS_DIR; };
		5257C1C427D25E3500701C47 /* SwiftUIArchitectureMVCApp.swift */ = {isa = PBXFileReference; lastKnownFileType = sourcecode.swift; path = SwiftUIArchitectureMVCApp.swift; sourceTree = "<group>"; };
		5257C1C627D25E3500701C47 /* SearchMainView.swift */ = {isa = PBXFileReference; lastKnownFileType = sourcecode.swift; path = SearchMainView.swift; sourceTree = "<group>"; };
		5257C1C827D25E3500701C47 /* Assets.xcassets */ = {isa = PBXFileReference; lastKnownFileType = folder.assetcatalog; path = Assets.xcassets; sourceTree = "<group>"; };
		5257C1CB27D25E3500701C47 /* Preview Assets.xcassets */ = {isa = PBXFileReference; lastKnownFileType = folder.assetcatalog; path = "Preview Assets.xcassets"; sourceTree = "<group>"; };
		5257C1D127D25E3500701C47 /* SwiftUIArchitectureMVCTests.xctest */ = {isa = PBXFileReference; explicitFileType = wrapper.cfbundle; includeInIndex = 0; path = SwiftUIArchitectureMVCTests.xctest; sourceTree = BUILT_PRODUCTS_DIR; };
		5257C1D527D25E3500701C47 /* SwiftUIArchitectureMVCTests.swift */ = {isa = PBXFileReference; lastKnownFileType = sourcecode.swift; path = SwiftUIArchitectureMVCTests.swift; sourceTree = "<group>"; };
		5257C1DB27D25E3500701C47 /* SwiftUIArchitectureMVCUITests.xctest */ = {isa = PBXFileReference; explicitFileType = wrapper.cfbundle; includeInIndex = 0; path = SwiftUIArchitectureMVCUITests.xctest; sourceTree = BUILT_PRODUCTS_DIR; };
		5257C1DF27D25E3500701C47 /* SwiftUIArchitectureMVCUITests.swift */ = {isa = PBXFileReference; lastKnownFileType = sourcecode.swift; path = SwiftUIArchitectureMVCUITests.swift; sourceTree = "<group>"; };
		5257C1E127D25E3500701C47 /* SwiftUIArchitectureMVCUITestsLaunchTests.swift */ = {isa = PBXFileReference; lastKnownFileType = sourcecode.swift; path = SwiftUIArchitectureMVCUITestsLaunchTests.swift; sourceTree = "<group>"; };
		5257C1EF27D2603800701C47 /* SearchModel.swift */ = {isa = PBXFileReference; lastKnownFileType = sourcecode.swift; path = SearchModel.swift; sourceTree = "<group>"; };
		5257C1F327D34FD500701C47 /* RepositoryView.swift */ = {isa = PBXFileReference; lastKnownFileType = sourcecode.swift; path = RepositoryView.swift; sourceTree = "<group>"; };
		5257C1F527D3517600701C47 /* Users.swift */ = {isa = PBXFileReference; lastKnownFileType = sourcecode.swift; path = Users.swift; sourceTree = "<group>"; };
		5257C1FC27D3638E00701C47 /* ScopeFunc.swift */ = {isa = PBXFileReference; lastKnownFileType = sourcecode.swift; path = ScopeFunc.swift; sourceTree = "<group>"; };
		5257C1FE27D4987A00701C47 /* UserController.swift */ = {isa = PBXFileReference; lastKnownFileType = sourcecode.swift; path = UserController.swift; sourceTree = "<group>"; };
		5257C20227D49B6500701C47 /* ModelError.swift */ = {isa = PBXFileReference; lastKnownFileType = sourcecode.swift; path = ModelError.swift; sourceTree = "<group>"; };
		5257C20427D4A04B00701C47 /* UserCard.swift */ = {isa = PBXFileReference; lastKnownFileType = sourcecode.swift; path = UserCard.swift; sourceTree = "<group>"; };
		5257C20627D4A80E00701C47 /* RepositoryCard.swift */ = {isa = PBXFileReference; lastKnownFileType = sourcecode.swift; path = RepositoryCard.swift; sourceTree = "<group>"; };
		5257C20827D4A83C00701C47 /* Repository.swift */ = {isa = PBXFileReference; lastKnownFileType = sourcecode.swift; path = Repository.swift; sourceTree = "<group>"; };
		5257C20A27D4A8A500701C47 /* RepositoryController.swift */ = {isa = PBXFileReference; lastKnownFileType = sourcecode.swift; path = RepositoryController.swift; sourceTree = "<group>"; };
/* End PBXFileReference section */

/* Begin PBXFrameworksBuildPhase section */
		5257C1BE27D25E3500701C47 /* Frameworks */ = {
			isa = PBXFrameworksBuildPhase;
			buildActionMask = 2147483647;
			files = (
			);
			runOnlyForDeploymentPostprocessing = 0;
		};
		5257C1CE27D25E3500701C47 /* Frameworks */ = {
			isa = PBXFrameworksBuildPhase;
			buildActionMask = 2147483647;
			files = (
			);
			runOnlyForDeploymentPostprocessing = 0;
		};
		5257C1D827D25E3500701C47 /* Frameworks */ = {
			isa = PBXFrameworksBuildPhase;
			buildActionMask = 2147483647;
			files = (
			);
			runOnlyForDeploymentPostprocessing = 0;
		};
/* End PBXFrameworksBuildPhase section */

/* Begin PBXGroup section */
		5257C1B827D25E3500701C47 = {
			isa = PBXGroup;
			children = (
				5257C1C327D25E3500701C47 /* SwiftUIArchitectureMVC */,
				5257C1D427D25E3500701C47 /* SwiftUIArchitectureMVCTests */,
				5257C1DE27D25E3500701C47 /* SwiftUIArchitectureMVCUITests */,
				5257C1C227D25E3500701C47 /* Products */,
			);
			sourceTree = "<group>";
		};
		5257C1C227D25E3500701C47 /* Products */ = {
			isa = PBXGroup;
			children = (
				5257C1C127D25E3500701C47 /* SwiftUIArchitectureMVC.app */,
				5257C1D127D25E3500701C47 /* SwiftUIArchitectureMVCTests.xctest */,
				5257C1DB27D25E3500701C47 /* SwiftUIArchitectureMVCUITests.xctest */,
			);
			name = Products;
			sourceTree = "<group>";
		};
		5257C1C327D25E3500701C47 /* SwiftUIArchitectureMVC */ = {
			isa = PBXGroup;
			children = (
				5257C1FB27D3637800701C47 /* Extension */,
				5257C1F227D2606D00701C47 /* Controller */,
				5257C1F127D2606500701C47 /* View */,
				5257C1EE27D25FE600701C47 /* Model */,
				5257C1C427D25E3500701C47 /* SwiftUIArchitectureMVCApp.swift */,
				5257C1C827D25E3500701C47 /* Assets.xcassets */,
				5257C1CA27D25E3500701C47 /* Preview Content */,
			);
			path = SwiftUIArchitectureMVC;
			sourceTree = "<group>";
		};
		5257C1CA27D25E3500701C47 /* Preview Content */ = {
			isa = PBXGroup;
			children = (
				5257C1CB27D25E3500701C47 /* Preview Assets.xcassets */,
			);
			path = "Preview Content";
			sourceTree = "<group>";
		};
		5257C1D427D25E3500701C47 /* SwiftUIArchitectureMVCTests */ = {
			isa = PBXGroup;
			children = (
				5257C1D527D25E3500701C47 /* SwiftUIArchitectureMVCTests.swift */,
			);
			path = SwiftUIArchitectureMVCTests;
			sourceTree = "<group>";
		};
		5257C1DE27D25E3500701C47 /* SwiftUIArchitectureMVCUITests */ = {
			isa = PBXGroup;
			children = (
				5257C1DF27D25E3500701C47 /* SwiftUIArchitectureMVCUITests.swift */,
				5257C1E127D25E3500701C47 /* SwiftUIArchitectureMVCUITestsLaunchTests.swift */,
			);
			path = SwiftUIArchitectureMVCUITests;
			sourceTree = "<group>";
		};
		5257C1EE27D25FE600701C47 /* Model */ = {
			isa = PBXGroup;
			children = (
				5257C1EF27D2603800701C47 /* SearchModel.swift */,
				5257C1F527D3517600701C47 /* Users.swift */,
				5257C20227D49B6500701C47 /* ModelError.swift */,
				5257C20827D4A83C00701C47 /* Repository.swift */,
			);
			path = Model;
			sourceTree = "<group>";
		};
		5257C1F127D2606500701C47 /* View */ = {
			isa = PBXGroup;
			children = (
				5257C1C627D25E3500701C47 /* SearchMainView.swift */,
				5257C1F327D34FD500701C47 /* RepositoryView.swift */,
				5257C20427D4A04B00701C47 /* UserCard.swift */,
				5257C20627D4A80E00701C47 /* RepositoryCard.swift */,
			);
			path = View;
			sourceTree = "<group>";
		};
		5257C1F227D2606D00701C47 /* Controller */ = {
			isa = PBXGroup;
			children = (
				5257C1FE27D4987A00701C47 /* UserController.swift */,
				5257C20A27D4A8A500701C47 /* RepositoryController.swift */,
			);
			path = Controller;
			sourceTree = "<group>";
		};
		5257C1FB27D3637800701C47 /* Extension */ = {
			isa = PBXGroup;
			children = (
				5257C1FC27D3638E00701C47 /* ScopeFunc.swift */,
			);
			path = Extension;
			sourceTree = "<group>";
		};
/* End PBXGroup section */

/* Begin PBXNativeTarget section */
		5257C1C027D25E3500701C47 /* SwiftUIArchitectureMVC */ = {
			isa = PBXNativeTarget;
			buildConfigurationList = 5257C1E527D25E3500701C47 /* Build configuration list for PBXNativeTarget "SwiftUIArchitectureMVC" */;
			buildPhases = (
				5257C1BD27D25E3500701C47 /* Sources */,
				5257C1BE27D25E3500701C47 /* Frameworks */,
				5257C1BF27D25E3500701C47 /* Resources */,
			);
			buildRules = (
			);
			dependencies = (
			);
			name = SwiftUIArchitectureMVC;
			productName = SwiftUIArchitectureMVC;
			productReference = 5257C1C127D25E3500701C47 /* SwiftUIArchitectureMVC.app */;
			productType = "com.apple.product-type.application";
		};
		5257C1D027D25E3500701C47 /* SwiftUIArchitectureMVCTests */ = {
			isa = PBXNativeTarget;
			buildConfigurationList = 5257C1E827D25E3500701C47 /* Build configuration list for PBXNativeTarget "SwiftUIArchitectureMVCTests" */;
			buildPhases = (
				5257C1CD27D25E3500701C47 /* Sources */,
				5257C1CE27D25E3500701C47 /* Frameworks */,
				5257C1CF27D25E3500701C47 /* Resources */,
			);
			buildRules = (
			);
			dependencies = (
				5257C1D327D25E3500701C47 /* PBXTargetDependency */,
			);
			name = SwiftUIArchitectureMVCTests;
			productName = SwiftUIArchitectureMVCTests;
			productReference = 5257C1D127D25E3500701C47 /* SwiftUIArchitectureMVCTests.xctest */;
			productType = "com.apple.product-type.bundle.unit-test";
		};
		5257C1DA27D25E3500701C47 /* SwiftUIArchitectureMVCUITests */ = {
			isa = PBXNativeTarget;
			buildConfigurationList = 5257C1EB27D25E3500701C47 /* Build configuration list for PBXNativeTarget "SwiftUIArchitectureMVCUITests" */;
			buildPhases = (
				5257C1D727D25E3500701C47 /* Sources */,
				5257C1D827D25E3500701C47 /* Frameworks */,
				5257C1D927D25E3500701C47 /* Resources */,
			);
			buildRules = (
			);
			dependencies = (
				5257C1DD27D25E3500701C47 /* PBXTargetDependency */,
			);
			name = SwiftUIArchitectureMVCUITests;
			productName = SwiftUIArchitectureMVCUITests;
			productReference = 5257C1DB27D25E3500701C47 /* SwiftUIArchitectureMVCUITests.xctest */;
			productType = "com.apple.product-type.bundle.ui-testing";
		};
/* End PBXNativeTarget section */

/* Begin PBXProject section */
		5257C1B927D25E3500701C47 /* Project object */ = {
			isa = PBXProject;
			attributes = {
				BuildIndependentTargetsInParallel = 1;
				LastSwiftUpdateCheck = 1310;
				LastUpgradeCheck = 1310;
				TargetAttributes = {
					5257C1C027D25E3500701C47 = {
						CreatedOnToolsVersion = 13.1;
					};
					5257C1D027D25E3500701C47 = {
						CreatedOnToolsVersion = 13.1;
						TestTargetID = 5257C1C027D25E3500701C47;
					};
					5257C1DA27D25E3500701C47 = {
						CreatedOnToolsVersion = 13.1;
						TestTargetID = 5257C1C027D25E3500701C47;
					};
				};
			};
			buildConfigurationList = 5257C1BC27D25E3500701C47 /* Build configuration list for PBXProject "SwiftUIArchitectureMVC" */;
			compatibilityVersion = "Xcode 13.0";
			developmentRegion = en;
			hasScannedForEncodings = 0;
			knownRegions = (
				en,
				Base,
			);
			mainGroup = 5257C1B827D25E3500701C47;
			productRefGroup = 5257C1C227D25E3500701C47 /* Products */;
			projectDirPath = "";
			projectRoot = "";
			targets = (
				5257C1C027D25E3500701C47 /* SwiftUIArchitectureMVC */,
				5257C1D027D25E3500701C47 /* SwiftUIArchitectureMVCTests */,
				5257C1DA27D25E3500701C47 /* SwiftUIArchitectureMVCUITests */,
			);
		};
/* End PBXProject section */

/* Begin PBXResourcesBuildPhase section */
		5257C1BF27D25E3500701C47 /* Resources */ = {
			isa = PBXResourcesBuildPhase;
			buildActionMask = 2147483647;
			files = (
				5257C1CC27D25E3500701C47 /* Preview Assets.xcassets in Resources */,
				5257C1C927D25E3500701C47 /* Assets.xcassets in Resources */,
			);
			runOnlyForDeploymentPostprocessing = 0;
		};
		5257C1CF27D25E3500701C47 /* Resources */ = {
			isa = PBXResourcesBuildPhase;
			buildActionMask = 2147483647;
			files = (
			);
			runOnlyForDeploymentPostprocessing = 0;
		};
		5257C1D927D25E3500701C47 /* Resources */ = {
			isa = PBXResourcesBuildPhase;
			buildActionMask = 2147483647;
			files = (
			);
			runOnlyForDeploymentPostprocessing = 0;
		};
/* End PBXResourcesBuildPhase section */

/* Begin PBXSourcesBuildPhase section */
		5257C1BD27D25E3500701C47 /* Sources */ = {
			isa = PBXSourcesBuildPhase;
			buildActionMask = 2147483647;
			files = (
				5257C1FD27D3638E00701C47 /* ScopeFunc.swift in Sources */,
				5257C1C727D25E3500701C47 /* SearchMainView.swift in Sources */,
				5257C1C527D25E3500701C47 /* SwiftUIArchitectureMVCApp.swift in Sources */,
				5257C20727D4A80E00701C47 /* RepositoryCard.swift in Sources */,
				5257C1F427D34FD500701C47 /* RepositoryView.swift in Sources */,
				5257C20927D4A83C00701C47 /* Repository.swift in Sources */,
				5257C20527D4A04B00701C47 /* UserCard.swift in Sources */,
				5257C1FF27D4987A00701C47 /* UserController.swift in Sources */,
				5257C1F627D3517700701C47 /* Users.swift in Sources */,
				5257C20B27D4A8A500701C47 /* RepositoryController.swift in Sources */,
				5257C20327D49B6500701C47 /* ModelError.swift in Sources */,
				5257C1F027D2603800701C47 /* SearchModel.swift in Sources */,
			);
			runOnlyForDeploymentPostprocessing = 0;
		};
		5257C1CD27D25E3500701C47 /* Sources */ = {
			isa = PBXSourcesBuildPhase;
			buildActionMask = 2147483647;
			files = (
				5257C1D627D25E3500701C47 /* SwiftUIArchitectureMVCTests.swift in Sources */,
			);
			runOnlyForDeploymentPostprocessing = 0;
		};
		5257C1D727D25E3500701C47 /* Sources */ = {
			isa = PBXSourcesBuildPhase;
			buildActionMask = 2147483647;
			files = (
				5257C1E227D25E3500701C47 /* SwiftUIArchitectureMVCUITestsLaunchTests.swift in Sources */,
				5257C1E027D25E3500701C47 /* SwiftUIArchitectureMVCUITests.swift in Sources */,
			);
			runOnlyForDeploymentPostprocessing = 0;
		};
/* End PBXSourcesBuildPhase section */

/* Begin PBXTargetDependency section */
		5257C1D327D25E3500701C47 /* PBXTargetDependency */ = {
			isa = PBXTargetDependency;
			target = 5257C1C027D25E3500701C47 /* SwiftUIArchitectureMVC */;
			targetProxy = 5257C1D227D25E3500701C47 /* PBXContainerItemProxy */;
		};
		5257C1DD27D25E3500701C47 /* PBXTargetDependency */ = {
			isa = PBXTargetDependency;
			target = 5257C1C027D25E3500701C47 /* SwiftUIArchitectureMVC */;
			targetProxy = 5257C1DC27D25E3500701C47 /* PBXContainerItemProxy */;
		};
/* End PBXTargetDependency section */

/* Begin XCBuildConfiguration section */
		5257C1E327D25E3500701C47 /* Debug */ = {
			isa = XCBuildConfiguration;
			buildSettings = {
				ALWAYS_SEARCH_USER_PATHS = NO;
				CLANG_ANALYZER_NONNULL = YES;
				CLANG_ANALYZER_NUMBER_OBJECT_CONVERSION = YES_AGGRESSIVE;
				CLANG_CXX_LANGUAGE_STANDARD = "gnu++17";
				CLANG_CXX_LIBRARY = "libc++";
				CLANG_ENABLE_MODULES = YES;
				CLANG_ENABLE_OBJC_ARC = YES;
				CLANG_ENABLE_OBJC_WEAK = YES;
				CLANG_WARN_BLOCK_CAPTURE_AUTORELEASING = YES;
				CLANG_WARN_BOOL_CONVERSION = YES;
				CLANG_WARN_COMMA = YES;
				CLANG_WARN_CONSTANT_CONVERSION = YES;
				CLANG_WARN_DEPRECATED_OBJC_IMPLEMENTATIONS = YES;
				CLANG_WARN_DIRECT_OBJC_ISA_USAGE = YES_ERROR;
				CLANG_WARN_DOCUMENTATION_COMMENTS = YES;
				CLANG_WARN_EMPTY_BODY = YES;
				CLANG_WARN_ENUM_CONVERSION = YES;
				CLANG_WARN_INFINITE_RECURSION = YES;
				CLANG_WARN_INT_CONVERSION = YES;
				CLANG_WARN_NON_LITERAL_NULL_CONVERSION = YES;
				CLANG_WARN_OBJC_IMPLICIT_RETAIN_SELF = YES;
				CLANG_WARN_OBJC_LITERAL_CONVERSION = YES;
				CLANG_WARN_OBJC_ROOT_CLASS = YES_ERROR;
				CLANG_WARN_QUOTED_INCLUDE_IN_FRAMEWORK_HEADER = YES;
				CLANG_WARN_RANGE_LOOP_ANALYSIS = YES;
				CLANG_WARN_STRICT_PROTOTYPES = YES;
				CLANG_WARN_SUSPICIOUS_MOVE = YES;
				CLANG_WARN_UNGUARDED_AVAILABILITY = YES_AGGRESSIVE;
				CLANG_WARN_UNREACHABLE_CODE = YES;
				CLANG_WARN__DUPLICATE_METHOD_MATCH = YES;
				COPY_PHASE_STRIP = NO;
				DEBUG_INFORMATION_FORMAT = dwarf;
				ENABLE_STRICT_OBJC_MSGSEND = YES;
				ENABLE_TESTABILITY = YES;
				GCC_C_LANGUAGE_STANDARD = gnu11;
				GCC_DYNAMIC_NO_PIC = NO;
				GCC_NO_COMMON_BLOCKS = YES;
				GCC_OPTIMIZATION_LEVEL = 0;
				GCC_PREPROCESSOR_DEFINITIONS = (
					"DEBUG=1",
					"$(inherited)",
				);
				GCC_WARN_64_TO_32_BIT_CONVERSION = YES;
				GCC_WARN_ABOUT_RETURN_TYPE = YES_ERROR;
				GCC_WARN_UNDECLARED_SELECTOR = YES;
				GCC_WARN_UNINITIALIZED_AUTOS = YES_AGGRESSIVE;
				GCC_WARN_UNUSED_FUNCTION = YES;
				GCC_WARN_UNUSED_VARIABLE = YES;
				IPHONEOS_DEPLOYMENT_TARGET = 15.0;
				MTL_ENABLE_DEBUG_INFO = INCLUDE_SOURCE;
				MTL_FAST_MATH = YES;
				ONLY_ACTIVE_ARCH = YES;
				SDKROOT = iphoneos;
				SWIFT_ACTIVE_COMPILATION_CONDITIONS = DEBUG;
				SWIFT_OPTIMIZATION_LEVEL = "-Onone";
			};
			name = Debug;
		};
		5257C1E427D25E3500701C47 /* Release */ = {
			isa = XCBuildConfiguration;
			buildSettings = {
				ALWAYS_SEARCH_USER_PATHS = NO;
				CLANG_ANALYZER_NONNULL = YES;
				CLANG_ANALYZER_NUMBER_OBJECT_CONVERSION = YES_AGGRESSIVE;
				CLANG_CXX_LANGUAGE_STANDARD = "gnu++17";
				CLANG_CXX_LIBRARY = "libc++";
				CLANG_ENABLE_MODULES = YES;
				CLANG_ENABLE_OBJC_ARC = YES;
				CLANG_ENABLE_OBJC_WEAK = YES;
				CLANG_WARN_BLOCK_CAPTURE_AUTORELEASING = YES;
				CLANG_WARN_BOOL_CONVERSION = YES;
				CLANG_WARN_COMMA = YES;
				CLANG_WARN_CONSTANT_CONVERSION = YES;
				CLANG_WARN_DEPRECATED_OBJC_IMPLEMENTATIONS = YES;
				CLANG_WARN_DIRECT_OBJC_ISA_USAGE = YES_ERROR;
				CLANG_WARN_DOCUMENTATION_COMMENTS = YES;
				CLANG_WARN_EMPTY_BODY = YES;
				CLANG_WARN_ENUM_CONVERSION = YES;
				CLANG_WARN_INFINITE_RECURSION = YES;
				CLANG_WARN_INT_CONVERSION = YES;
				CLANG_WARN_NON_LITERAL_NULL_CONVERSION = YES;
				CLANG_WARN_OBJC_IMPLICIT_RETAIN_SELF = YES;
				CLANG_WARN_OBJC_LITERAL_CONVERSION = YES;
				CLANG_WARN_OBJC_ROOT_CLASS = YES_ERROR;
				CLANG_WARN_QUOTED_INCLUDE_IN_FRAMEWORK_HEADER = YES;
				CLANG_WARN_RANGE_LOOP_ANALYSIS = YES;
				CLANG_WARN_STRICT_PROTOTYPES = YES;
				CLANG_WARN_SUSPICIOUS_MOVE = YES;
				CLANG_WARN_UNGUARDED_AVAILABILITY = YES_AGGRESSIVE;
				CLANG_WARN_UNREACHABLE_CODE = YES;
				CLANG_WARN__DUPLICATE_METHOD_MATCH = YES;
				COPY_PHASE_STRIP = NO;
				DEBUG_INFORMATION_FORMAT = "dwarf-with-dsym";
				ENABLE_NS_ASSERTIONS = NO;
				ENABLE_STRICT_OBJC_MSGSEND = YES;
				GCC_C_LANGUAGE_STANDARD = gnu11;
				GCC_NO_COMMON_BLOCKS = YES;
				GCC_WARN_64_TO_32_BIT_CONVERSION = YES;
				GCC_WARN_ABOUT_RETURN_TYPE = YES_ERROR;
				GCC_WARN_UNDECLARED_SELECTOR = YES;
				GCC_WARN_UNINITIALIZED_AUTOS = YES_AGGRESSIVE;
				GCC_WARN_UNUSED_FUNCTION = YES;
				GCC_WARN_UNUSED_VARIABLE = YES;
				IPHONEOS_DEPLOYMENT_TARGET = 15.0;
				MTL_ENABLE_DEBUG_INFO = NO;
				MTL_FAST_MATH = YES;
				SDKROOT = iphoneos;
				SWIFT_COMPILATION_MODE = wholemodule;
				SWIFT_OPTIMIZATION_LEVEL = "-O";
				VALIDATE_PRODUCT = YES;
			};
			name = Release;
		};
		5257C1E627D25E3500701C47 /* Debug */ = {
			isa = XCBuildConfiguration;
			buildSettings = {
				ASSETCATALOG_COMPILER_APPICON_NAME = AppIcon;
				ASSETCATALOG_COMPILER_GLOBAL_ACCENT_COLOR_NAME = AccentColor;
				CODE_SIGN_STYLE = Automatic;
				CURRENT_PROJECT_VERSION = 1;
				DEVELOPMENT_ASSET_PATHS = "\"SwiftUIArchitectureMVC/Preview Content\"";
				ENABLE_PREVIEWS = YES;
				GENERATE_INFOPLIST_FILE = YES;
				INFOPLIST_KEY_UIApplicationSceneManifest_Generation = YES;
				INFOPLIST_KEY_UIApplicationSupportsIndirectInputEvents = YES;
				INFOPLIST_KEY_UILaunchScreen_Generation = YES;
				INFOPLIST_KEY_UISupportedInterfaceOrientations_iPad = "UIInterfaceOrientationPortrait UIInterfaceOrientationPortraitUpsideDown UIInterfaceOrientationLandscapeLeft UIInterfaceOrientationLandscapeRight";
				INFOPLIST_KEY_UISupportedInterfaceOrientations_iPhone = "UIInterfaceOrientationPortrait UIInterfaceOrientationLandscapeLeft UIInterfaceOrientationLandscapeRight";
				LD_RUNPATH_SEARCH_PATHS = (
					"$(inherited)",
					"@executable_path/Frameworks",
				);
				MARKETING_VERSION = 1.0;
				PRODUCT_BUNDLE_IDENTIFIER = NarumichiKubo.SwiftUIArchitectureMVC;
				PRODUCT_NAME = "$(TARGET_NAME)";
				SWIFT_EMIT_LOC_STRINGS = YES;
				SWIFT_VERSION = 5.0;
				TARGETED_DEVICE_FAMILY = "1,2";
			};
			name = Debug;
		};
		5257C1E727D25E3500701C47 /* Release */ = {
			isa = XCBuildConfiguration;
			buildSettings = {
				ASSETCATALOG_COMPILER_APPICON_NAME = AppIcon;
				ASSETCATALOG_COMPILER_GLOBAL_ACCENT_COLOR_NAME = AccentColor;
				CODE_SIGN_STYLE = Automatic;
				CURRENT_PROJECT_VERSION = 1;
				DEVELOPMENT_ASSET_PATHS = "\"SwiftUIArchitectureMVC/Preview Content\"";
				ENABLE_PREVIEWS = YES;
				GENERATE_INFOPLIST_FILE = YES;
				INFOPLIST_KEY_UIApplicationSceneManifest_Generation = YES;
				INFOPLIST_KEY_UIApplicationSupportsIndirectInputEvents = YES;
				INFOPLIST_KEY_UILaunchScreen_Generation = YES;
				INFOPLIST_KEY_UISupportedInterfaceOrientations_iPad = "UIInterfaceOrientationPortrait UIInterfaceOrientationPortraitUpsideDown UIInterfaceOrientationLandscapeLeft UIInterfaceOrientationLandscapeRight";
				INFOPLIST_KEY_UISupportedInterfaceOrientations_iPhone = "UIInterfaceOrientationPortrait UIInterfaceOrientationLandscapeLeft UIInterfaceOrientationLandscapeRight";
				LD_RUNPATH_SEARCH_PATHS = (
					"$(inherited)",
					"@executable_path/Frameworks",
				);
				MARKETING_VERSION = 1.0;
				PRODUCT_BUNDLE_IDENTIFIER = NarumichiKubo.SwiftUIArchitectureMVC;
				PRODUCT_NAME = "$(TARGET_NAME)";
				SWIFT_EMIT_LOC_STRINGS = YES;
				SWIFT_VERSION = 5.0;
				TARGETED_DEVICE_FAMILY = "1,2";
			};
			name = Release;
		};
		5257C1E927D25E3500701C47 /* Debug */ = {
			isa = XCBuildConfiguration;
			buildSettings = {
				ALWAYS_EMBED_SWIFT_STANDARD_LIBRARIES = YES;
				BUNDLE_LOADER = "$(TEST_HOST)";
				CODE_SIGN_STYLE = Automatic;
				CURRENT_PROJECT_VERSION = 1;
				GENERATE_INFOPLIST_FILE = YES;
				IPHONEOS_DEPLOYMENT_TARGET = 15.0;
				LD_RUNPATH_SEARCH_PATHS = (
					"$(inherited)",
					"@executable_path/Frameworks",
					"@loader_path/Frameworks",
				);
				MARKETING_VERSION = 1.0;
				PRODUCT_BUNDLE_IDENTIFIER = NarumichiKubo.SwiftUIArchitectureMVCTests;
				PRODUCT_NAME = "$(TARGET_NAME)";
				SWIFT_EMIT_LOC_STRINGS = NO;
				SWIFT_VERSION = 5.0;
				TARGETED_DEVICE_FAMILY = "1,2";
				TEST_HOST = "$(BUILT_PRODUCTS_DIR)/SwiftUIArchitectureMVC.app/SwiftUIArchitectureMVC";
			};
			name = Debug;
		};
		5257C1EA27D25E3500701C47 /* Release */ = {
			isa = XCBuildConfiguration;
			buildSettings = {
				ALWAYS_EMBED_SWIFT_STANDARD_LIBRARIES = YES;
				BUNDLE_LOADER = "$(TEST_HOST)";
				CODE_SIGN_STYLE = Automatic;
				CURRENT_PROJECT_VERSION = 1;
				GENERATE_INFOPLIST_FILE = YES;
				IPHONEOS_DEPLOYMENT_TARGET = 15.0;
				LD_RUNPATH_SEARCH_PATHS = (
					"$(inherited)",
					"@executable_path/Frameworks",
					"@loader_path/Frameworks",
				);
				MARKETING_VERSION = 1.0;
				PRODUCT_BUNDLE_IDENTIFIER = NarumichiKubo.SwiftUIArchitectureMVCTests;
				PRODUCT_NAME = "$(TARGET_NAME)";
				SWIFT_EMIT_LOC_STRINGS = NO;
				SWIFT_VERSION = 5.0;
				TARGETED_DEVICE_FAMILY = "1,2";
				TEST_HOST = "$(BUILT_PRODUCTS_DIR)/SwiftUIArchitectureMVC.app/SwiftUIArchitectureMVC";
			};
			name = Release;
		};
		5257C1EC27D25E3500701C47 /* Debug */ = {
			isa = XCBuildConfiguration;
			buildSettings = {
				ALWAYS_EMBED_SWIFT_STANDARD_LIBRARIES = YES;
				CODE_SIGN_STYLE = Automatic;
				CURRENT_PROJECT_VERSION = 1;
				GENERATE_INFOPLIST_FILE = YES;
				LD_RUNPATH_SEARCH_PATHS = (
					"$(inherited)",
					"@executable_path/Frameworks",
					"@loader_path/Frameworks",
				);
				MARKETING_VERSION = 1.0;
				PRODUCT_BUNDLE_IDENTIFIER = NarumichiKubo.SwiftUIArchitectureMVCUITests;
				PRODUCT_NAME = "$(TARGET_NAME)";
				SWIFT_EMIT_LOC_STRINGS = NO;
				SWIFT_VERSION = 5.0;
				TARGETED_DEVICE_FAMILY = "1,2";
				TEST_TARGET_NAME = SwiftUIArchitectureMVC;
			};
			name = Debug;
		};
		5257C1ED27D25E3500701C47 /* Release */ = {
			isa = XCBuildConfiguration;
			buildSettings = {
				ALWAYS_EMBED_SWIFT_STANDARD_LIBRARIES = YES;
				CODE_SIGN_STYLE = Automatic;
				CURRENT_PROJECT_VERSION = 1;
				GENERATE_INFOPLIST_FILE = YES;
				LD_RUNPATH_SEARCH_PATHS = (
					"$(inherited)",
					"@executable_path/Frameworks",
					"@loader_path/Frameworks",
				);
				MARKETING_VERSION = 1.0;
				PRODUCT_BUNDLE_IDENTIFIER = NarumichiKubo.SwiftUIArchitectureMVCUITests;
				PRODUCT_NAME = "$(TARGET_NAME)";
				SWIFT_EMIT_LOC_STRINGS = NO;
				SWIFT_VERSION = 5.0;
				TARGETED_DEVICE_FAMILY = "1,2";
				TEST_TARGET_NAME = SwiftUIArchitectureMVC;
			};
			name = Release;
		};
/* End XCBuildConfiguration section */

/* Begin XCConfigurationList section */
		5257C1BC27D25E3500701C47 /* Build configuration list for PBXProject "SwiftUIArchitectureMVC" */ = {
			isa = XCConfigurationList;
			buildConfigurations = (
				5257C1E327D25E3500701C47 /* Debug */,
				5257C1E427D25E3500701C47 /* Release */,
			);
			defaultConfigurationIsVisible = 0;
			defaultConfigurationName = Release;
		};
		5257C1E527D25E3500701C47 /* Build configuration list for PBXNativeTarget "SwiftUIArchitectureMVC" */ = {
			isa = XCConfigurationList;
			buildConfigurations = (
				5257C1E627D25E3500701C47 /* Debug */,
				5257C1E727D25E3500701C47 /* Release */,
			);
			defaultConfigurationIsVisible = 0;
			defaultConfigurationName = Release;
		};
		5257C1E827D25E3500701C47 /* Build configuration list for PBXNativeTarget "SwiftUIArchitectureMVCTests" */ = {
			isa = XCConfigurationList;
			buildConfigurations = (
				5257C1E927D25E3500701C47 /* Debug */,
				5257C1EA27D25E3500701C47 /* Release */,
			);
			defaultConfigurationIsVisible = 0;
			defaultConfigurationName = Release;
		};
		5257C1EB27D25E3500701C47 /* Build configuration list for PBXNativeTarget "SwiftUIArchitectureMVCUITests" */ = {
			isa = XCConfigurationList;
			buildConfigurations = (
				5257C1EC27D25E3500701C47 /* Debug */,
				5257C1ED27D25E3500701C47 /* Release */,
			);
			defaultConfigurationIsVisible = 0;
			defaultConfigurationName = Release;
		};
/* End XCConfigurationList section */
	};
	rootObject = 5257C1B927D25E3500701C47 /* Project object */;
}
